
Microsoft Visual Studio Solution File, Format Version 12.00
# Visual Studio Version 16
VisualStudioVersion = 16.0.29709.97
MinimumVisualStudioVersion = 10.0.40219.1
Project("{FAE04EC0-301F-11D3-BF4B-00C04F79EFBC}") = "EsercizioLambda", "EsercizioLambda\EsercizioLambda.csproj", "{BD95C243-9800-4345-AE98-30B71CE8215A}"
EndProject
Global
	GlobalSection(SolutionConfigurationPlatforms) = preSolution
		Debug|Any CPU = Debug|Any CPU
		Release|Any CPU = Release|Any CPU
	EndGlobalSection
	GlobalSection(ProjectConfigurationPlatforms) = postSolution
		{BD95C243-9800-4345-AE98-30B71CE8215A}.Debug|Any CPU.ActiveCfg = Debug|Any CPU
		{BD95C243-9800-4345-AE98-30B71CE8215A}.Debug|Any CPU.Build.0 = Debug|Any CPU
		{BD95C243-9800-4345-AE98-30B71CE8215A}.Release|Any CPU.ActiveCfg = Release|Any CPU
		{BD95C243-9800-4345-AE98-30B71CE8215A}.Release|Any CPU.Build.0 = Release|Any CPU
	EndGlobalSection
	GlobalSection(SolutionProperties) = preSolution
		HideSolutionNode = FALSE
	EndGlobalSection
	GlobalSection(ExtensibilityGlobals) = postSolution
		SolutionGuid = {149EE574-CD8E-4F85-8E5B-9A272A13541B}
	EndGlobalSection
EndGlobal
